// !$*UTF8*$!
{
	archiveVersion = 1;
	classes = {
	};
	objectVersion = 50;
	objects = {

/* Begin PBXBuildFile section */
		FABB77AB26566864002FCC35 /* AppDelegate.swift in Sources */ = {isa = PBXBuildFile; fileRef = FABB77AA26566864002FCC35 /* AppDelegate.swift */; };
		FABB77AD26566864002FCC35 /* SceneDelegate.swift in Sources */ = {isa = PBXBuildFile; fileRef = FABB77AC26566864002FCC35 /* SceneDelegate.swift */; };
		FABB77AF26566864002FCC35 /* ViewController.swift in Sources */ = {isa = PBXBuildFile; fileRef = FABB77AE26566864002FCC35 /* ViewController.swift */; };
		FABB77B226566864002FCC35 /* Main.storyboard in Resources */ = {isa = PBXBuildFile; fileRef = FABB77B026566864002FCC35 /* Main.storyboard */; };
		FABB77B526566864002FCC35 /* CoreDataDemo.xcdatamodeld in Sources */ = {isa = PBXBuildFile; fileRef = FABB77B326566864002FCC35 /* CoreDataDemo.xcdatamodeld */; };
		FABB77B726566865002FCC35 /* Assets.xcassets in Resources */ = {isa = PBXBuildFile; fileRef = FABB77B626566865002FCC35 /* Assets.xcassets */; };
		FABB77BA26566865002FCC35 /* LaunchScreen.storyboard in Resources */ = {isa = PBXBuildFile; fileRef = FABB77B826566865002FCC35 /* LaunchScreen.storyboard */; };
		FABB77C4265668D7002FCC35 /* Student+CoreDataClass.swift in Sources */ = {isa = PBXBuildFile; fileRef = FABB77C2265668D7002FCC35 /* Student+CoreDataClass.swift */; };
		FABB77C5265668D7002FCC35 /* Student+CoreDataProperties.swift in Sources */ = {isa = PBXBuildFile; fileRef = FABB77C3265668D7002FCC35 /* Student+CoreDataProperties.swift */; };
		FABB77C926566A93002FCC35 /* CoreData.framework in Frameworks */ = {isa = PBXBuildFile; fileRef = FABB77C826566A92002FCC35 /* CoreData.framework */; };
		FABB77CC26566CBB002FCC35 /* DatabaseHelper.swift in Sources */ = {isa = PBXBuildFile; fileRef = FABB77CB26566CBB002FCC35 /* DatabaseHelper.swift */; };
		FABB77CF265675B4002FCC35 /* ListViewController.swift in Sources */ = {isa = PBXBuildFile; fileRef = FABB77CE265675B4002FCC35 /* ListViewController.swift */; };
		FABB77D2265675CD002FCC35 /* ListTableViewCell.swift in Sources */ = {isa = PBXBuildFile; fileRef = FABB77D1265675CD002FCC35 /* ListTableViewCell.swift */; };
/* End PBXBuildFile section */

/* Begin PBXFileReference section */
		FABB77A726566864002FCC35 /* CoreDataDemo.app */ = {isa = PBXFileReference; explicitFileType = wrapper.application; includeInIndex = 0; path = CoreDataDemo.app; sourceTree = BUILT_PRODUCTS_DIR; };
		FABB77AA26566864002FCC35 /* AppDelegate.swift */ = {isa = PBXFileReference; lastKnownFileType = sourcecode.swift; path = AppDelegate.swift; sourceTree = "<group>"; };
		FABB77AC26566864002FCC35 /* SceneDelegate.swift */ = {isa = PBXFileReference; lastKnownFileType = sourcecode.swift; path = SceneDelegate.swift; sourceTree = "<group>"; };
		FABB77AE26566864002FCC35 /* ViewController.swift */ = {isa = PBXFileReference; lastKnownFileType = sourcecode.swift; path = ViewController.swift; sourceTree = "<group>"; };
		FABB77B126566864002FCC35 /* Base */ = {isa = PBXFileReference; lastKnownFileType = file.storyboard; name = Base; path = Base.lproj/Main.storyboard; sourceTree = "<group>"; };
		FABB77B426566864002FCC35 /* CoreDataDemo.xcdatamodel */ = {isa = PBXFileReference; lastKnownFileType = wrapper.xcdatamodel; path = CoreDataDemo.xcdatamodel; sourceTree = "<group>"; };
		FABB77B626566865002FCC35 /* Assets.xcassets */ = {isa = PBXFileReference; lastKnownFileType = folder.assetcatalog; path = Assets.xcassets; sourceTree = "<group>"; };
		FABB77B926566865002FCC35 /* Base */ = {isa = PBXFileReference; lastKnownFileType = file.storyboard; name = Base; path = Base.lproj/LaunchScreen.storyboard; sourceTree = "<group>"; };
		FABB77BB26566865002FCC35 /* Info.plist */ = {isa = PBXFileReference; lastKnownFileType = text.plist.xml; path = Info.plist; sourceTree = "<group>"; };
		FABB77C2265668D7002FCC35 /* Student+CoreDataClass.swift */ = {isa = PBXFileReference; lastKnownFileType = sourcecode.swift; path = "Student+CoreDataClass.swift"; sourceTree = "<group>"; };
		FABB77C3265668D7002FCC35 /* Student+CoreDataProperties.swift */ = {isa = PBXFileReference; lastKnownFileType = sourcecode.swift; path = "Student+CoreDataProperties.swift"; sourceTree = "<group>"; };
		FABB77C826566A92002FCC35 /* CoreData.framework */ = {isa = PBXFileReference; lastKnownFileType = wrapper.framework; name = CoreData.framework; path = System/Library/Frameworks/CoreData.framework; sourceTree = SDKROOT; };
		FABB77CB26566CBB002FCC35 /* DatabaseHelper.swift */ = {isa = PBXFileReference; lastKnownFileType = sourcecode.swift; path = DatabaseHelper.swift; sourceTree = "<group>"; };
		FABB77CE265675B4002FCC35 /* ListViewController.swift */ = {isa = PBXFileReference; lastKnownFileType = sourcecode.swift; path = ListViewController.swift; sourceTree = "<group>"; };
		FABB77D1265675CD002FCC35 /* ListTableViewCell.swift */ = {isa = PBXFileReference; lastKnownFileType = sourcecode.swift; path = ListTableViewCell.swift; sourceTree = "<group>"; };
/* End PBXFileReference section */

/* Begin PBXFrameworksBuildPhase section */
		FABB77A426566864002FCC35 /* Frameworks */ = {
			isa = PBXFrameworksBuildPhase;
			buildActionMask = 2147483647;
			files = (
				FABB77C926566A93002FCC35 /* CoreData.framework in Frameworks */,
			);
			runOnlyForDeploymentPostprocessing = 0;
		};
/* End PBXFrameworksBuildPhase section */

/* Begin PBXGroup section */
		FABB779E26566864002FCC35 = {
			isa = PBXGroup;
			children = (
				FABB77C2265668D7002FCC35 /* Student+CoreDataClass.swift */,
				FABB77C3265668D7002FCC35 /* Student+CoreDataProperties.swift */,
				FABB77A926566864002FCC35 /* CoreDataDemo */,
				FABB77A826566864002FCC35 /* Products */,
				FABB77C726566A92002FCC35 /* Frameworks */,
			);
			sourceTree = "<group>";
		};
		FABB77A826566864002FCC35 /* Products */ = {
			isa = PBXGroup;
			children = (
				FABB77A726566864002FCC35 /* CoreDataDemo.app */,
			);
			name = Products;
			sourceTree = "<group>";
		};
		FABB77A926566864002FCC35 /* CoreDataDemo */ = {
			isa = PBXGroup;
			children = (
				FABB77AA26566864002FCC35 /* AppDelegate.swift */,
				FABB77AC26566864002FCC35 /* SceneDelegate.swift */,
				FABB77AE26566864002FCC35 /* ViewController.swift */,
				FABB77CB26566CBB002FCC35 /* DatabaseHelper.swift */,
				FABB77CE265675B4002FCC35 /* ListViewController.swift */,
				FABB77D1265675CD002FCC35 /* ListTableViewCell.swift */,
				FABB77B026566864002FCC35 /* Main.storyboard */,
				FABB77B626566865002FCC35 /* Assets.xcassets */,
				FABB77B826566865002FCC35 /* LaunchScreen.storyboard */,
				FABB77BB26566865002FCC35 /* Info.plist */,
				FABB77B326566864002FCC35 /* CoreDataDemo.xcdatamodeld */,
			);
			path = CoreDataDemo;
			sourceTree = "<group>";
		};
		FABB77C726566A92002FCC35 /* Frameworks */ = {
			isa = PBXGroup;
			children = (
				FABB77C826566A92002FCC35 /* CoreData.framework */,
			);
			name = Frameworks;
			sourceTree = "<group>";
		};
/* End PBXGroup section */

/* Begin PBXNativeTarget section */
		FABB77A626566864002FCC35 /* CoreDataDemo */ = {
			isa = PBXNativeTarget;
			buildConfigurationList = FABB77BE26566865002FCC35 /* Build configuration list for PBXNativeTarget "CoreDataDemo" */;
			buildPhases = (
				FABB77A326566864002FCC35 /* Sources */,
				FABB77A426566864002FCC35 /* Frameworks */,
				FABB77A526566864002FCC35 /* Resources */,
			);
			buildRules = (
			);
			dependencies = (
			);
			name = CoreDataDemo;
			productName = CoreDataDemo;
			productReference = FABB77A726566864002FCC35 /* CoreDataDemo.app */;
			productType = "com.apple.product-type.application";
		};
/* End PBXNativeTarget section */

/* Begin PBXProject section */
		FABB779F26566864002FCC35 /* Project object */ = {
			isa = PBXProject;
			attributes = {
				LastSwiftUpdateCheck = 1240;
				LastUpgradeCheck = 1240;
				TargetAttributes = {
					FABB77A626566864002FCC35 = {
						CreatedOnToolsVersion = 12.4;
					};
				};
			};
			buildConfigurationList = FABB77A226566864002FCC35 /* Build configuration list for PBXProject "CoreDataDemo" */;
			compatibilityVersion = "Xcode 9.3";
			developmentRegion = en;
			hasScannedForEncodings = 0;
			knownRegions = (
				en,
				Base,
			);
			mainGroup = FABB779E26566864002FCC35;
			productRefGroup = FABB77A826566864002FCC35 /* Products */;
			projectDirPath = "";
			projectRoot = "";
			targets = (
				FABB77A626566864002FCC35 /* CoreDataDemo */,
			);
		};
/* End PBXProject section */

/* Begin PBXResourcesBuildPhase section */
		FABB77A526566864002FCC35 /* Resources */ = {
			isa = PBXResourcesBuildPhase;
			buildActionMask = 2147483647;
			files = (
				FABB77BA26566865002FCC35 /* LaunchScreen.storyboard in Resources */,
				FABB77B726566865002FCC35 /* Assets.xcassets in Resources */,
				FABB77B226566864002FCC35 /* Main.storyboard in Resources */,
			);
			runOnlyForDeploymentPostprocessing = 0;
		};
/* End PBXResourcesBuildPhase section */

/* Begin PBXSourcesBuildPhase section */
		FABB77A326566864002FCC35 /* Sources */ = {
			isa = PBXSourcesBuildPhase;
			buildActionMask = 2147483647;
			files = (
				FABB77C5265668D7002FCC35 /* Student+CoreDataProperties.swift in Sources */,
				FABB77AF26566864002FCC35 /* ViewController.swift in Sources */,
				FABB77B526566864002FCC35 /* CoreDataDemo.xcdatamodeld in Sources */,
				FABB77CC26566CBB002FCC35 /* DatabaseHelper.swift in Sources */,
				FABB77AB26566864002FCC35 /* AppDelegate.swift in Sources */,
				FABB77D2265675CD002FCC35 /* ListTableViewCell.swift in Sources */,
				FABB77AD26566864002FCC35 /* SceneDelegate.swift in Sources */,
				FABB77CF265675B4002FCC35 /* ListViewController.swift in Sources */,
				FABB77C4265668D7002FCC35 /* Student+CoreDataClass.swift in Sources */,
			);
			runOnlyForDeploymentPostprocessing = 0;
		};
/* End PBXSourcesBuildPhase section */

/* Begin PBXVariantGroup section */
		FABB77B026566864002FCC35 /* Main.storyboard */ = {
			isa = PBXVariantGroup;
			children = (
				FABB77B126566864002FCC35 /* Base */,
			);
			name = Main.storyboard;
			sourceTree = "<group>";
		};
		FABB77B826566865002FCC35 /* LaunchScreen.storyboard */ = {
			isa = PBXVariantGroup;
			children = (
				FABB77B926566865002FCC35 /* Base */,
			);
			name = LaunchScreen.storyboard;
			sourceTree = "<group>";
		};
/* End PBXVariantGroup section */

/* Begin XCBuildConfiguration section */
		FABB77BC26566865002FCC35 /* Debug */ = {
			isa = XCBuildConfiguration;
			buildSettings = {
				ALWAYS_SEARCH_USER_PATHS = NO;
				CLANG_ANALYZER_NONNULL = YES;
				CLANG_ANALYZER_NUMBER_OBJECT_CONVERSION = YES_AGGRESSIVE;
				CLANG_CXX_LANGUAGE_STANDARD = "gnu++14";
				CLANG_CXX_LIBRARY = "libc++";
				CLANG_ENABLE_MODULES = YES;
				CLANG_ENABLE_OBJC_ARC = YES;
				CLANG_ENABLE_OBJC_WEAK = YES;
				CLANG_WARN_BLOCK_CAPTURE_AUTORELEASING = YES;
				CLANG_WARN_BOOL_CONVERSION = YES;
				CLANG_WARN_COMMA = YES;
				CLANG_WARN_CONSTANT_CONVERSION = YES;
				CLANG_WARN_DEPRECATED_OBJC_IMPLEMENTATIONS = YES;
				CLANG_WARN_DIRECT_OBJC_ISA_USAGE = YES_ERROR;
				CLANG_WARN_DOCUMENTATION_COMMENTS = YES;
				CLANG_WARN_EMPTY_BODY = YES;
				CLANG_WARN_ENUM_CONVERSION = YES;
				CLANG_WARN_INFINITE_RECURSION = YES;
				CLANG_WARN_INT_CONVERSION = YES;
				CLANG_WARN_NON_LITERAL_NULL_CONVERSION = YES;
				CLANG_WARN_OBJC_IMPLICIT_RETAIN_SELF = YES;
				CLANG_WARN_OBJC_LITERAL_CONVERSION = YES;
				CLANG_WARN_OBJC_ROOT_CLASS = YES_ERROR;
				CLANG_WARN_QUOTED_INCLUDE_IN_FRAMEWORK_HEADER = YES;
				CLANG_WARN_RANGE_LOOP_ANALYSIS = YES;
				CLANG_WARN_STRICT_PROTOTYPES = YES;
				CLANG_WARN_SUSPICIOUS_MOVE = YES;
				CLANG_WARN_UNGUARDED_AVAILABILITY = YES_AGGRESSIVE;
				CLANG_WARN_UNREACHABLE_CODE = YES;
				CLANG_WARN__DUPLICATE_METHOD_MATCH = YES;
				COPY_PHASE_STRIP = NO;
				DEBUG_INFORMATION_FORMAT = dwarf;
				ENABLE_STRICT_OBJC_MSGSEND = YES;
				ENABLE_TESTABILITY = YES;
				GCC_C_LANGUAGE_STANDARD = gnu11;
				GCC_DYNAMIC_NO_PIC = NO;
				GCC_NO_COMMON_BLOCKS = YES;
				GCC_OPTIMIZATION_LEVEL = 0;
				GCC_PREPROCESSOR_DEFINITIONS = (
					"DEBUG=1",
					"$(inherited)",
				);
				GCC_WARN_64_TO_32_BIT_CONVERSION = YES;
				GCC_WARN_ABOUT_RETURN_TYPE = YES_ERROR;
				GCC_WARN_UNDECLARED_SELECTOR = YES;
				GCC_WARN_UNINITIALIZED_AUTOS = YES_AGGRESSIVE;
				GCC_WARN_UNUSED_FUNCTION = YES;
				GCC_WARN_UNUSED_VARIABLE = YES;
				IPHONEOS_DEPLOYMENT_TARGET = 14.4;
				MTL_ENABLE_DEBUG_INFO = INCLUDE_SOURCE;
				MTL_FAST_MATH = YES;
				ONLY_ACTIVE_ARCH = YES;
				SDKROOT = iphoneos;
				SWIFT_ACTIVE_COMPILATION_CONDITIONS = DEBUG;
				SWIFT_OPTIMIZATION_LEVEL = "-Onone";
			};
			name = Debug;
		};
		FABB77BD26566865002FCC35 /* Release */ = {
			isa = XCBuildConfiguration;
			buildSettings = {
				ALWAYS_SEARCH_USER_PATHS = NO;
				CLANG_ANALYZER_NONNULL = YES;
				CLANG_ANALYZER_NUMBER_OBJECT_CONVERSION = YES_AGGRESSIVE;
				CLANG_CXX_LANGUAGE_STANDARD = "gnu++14";
				CLANG_CXX_LIBRARY = "libc++";
				CLANG_ENABLE_MODULES = YES;
				CLANG_ENABLE_OBJC_ARC = YES;
				CLANG_ENABLE_OBJC_WEAK = YES;
				CLANG_WARN_BLOCK_CAPTURE_AUTORELEASING = YES;
				CLANG_WARN_BOOL_CONVERSION = YES;
				CLANG_WARN_COMMA = YES;
				CLANG_WARN_CONSTANT_CONVERSION = YES;
				CLANG_WARN_DEPRECATED_OBJC_IMPLEMENTATIONS = YES;
				CLANG_WARN_DIRECT_OBJC_ISA_USAGE = YES_ERROR;
				CLANG_WARN_DOCUMENTATION_COMMENTS = YES;
				CLANG_WARN_EMPTY_BODY = YES;
				CLANG_WARN_ENUM_CONVERSION = YES;
				CLANG_WARN_INFINITE_RECURSION = YES;
				CLANG_WARN_INT_CONVERSION = YES;
				CLANG_WARN_NON_LITERAL_NULL_CONVERSION = YES;
				CLANG_WARN_OBJC_IMPLICIT_RETAIN_SELF = YES;
				CLANG_WARN_OBJC_LITERAL_CONVERSION = YES;
				CLANG_WARN_OBJC_ROOT_CLASS = YES_ERROR;
				CLANG_WARN_QUOTED_INCLUDE_IN_FRAMEWORK_HEADER = YES;
				CLANG_WARN_RANGE_LOOP_ANALYSIS = YES;
				CLANG_WARN_STRICT_PROTOTYPES = YES;
				CLANG_WARN_SUSPICIOUS_MOVE = YES;
				CLANG_WARN_UNGUARDED_AVAILABILITY = YES_AGGRESSIVE;
				CLANG_WARN_UNREACHABLE_CODE = YES;
				CLANG_WARN__DUPLICATE_METHOD_MATCH = YES;
				COPY_PHASE_STRIP = NO;
				DEBUG_INFORMATION_FORMAT = "dwarf-with-dsym";
				ENABLE_NS_ASSERTIONS = NO;
				ENABLE_STRICT_OBJC_MSGSEND = YES;
				GCC_C_LANGUAGE_STANDARD = gnu11;
				GCC_NO_COMMON_BLOCKS = YES;
				GCC_WARN_64_TO_32_BIT_CONVERSION = YES;
				GCC_WARN_ABOUT_RETURN_TYPE = YES_ERROR;
				GCC_WARN_UNDECLARED_SELECTOR = YES;
				GCC_WARN_UNINITIALIZED_AUTOS = YES_AGGRESSIVE;
				GCC_WARN_UNUSED_FUNCTION = YES;
				GCC_WARN_UNUSED_VARIABLE = YES;
				IPHONEOS_DEPLOYMENT_TARGET = 14.4;
				MTL_ENABLE_DEBUG_INFO = NO;
				MTL_FAST_MATH = YES;
				SDKROOT = iphoneos;
				SWIFT_COMPILATION_MODE = wholemodule;
				SWIFT_OPTIMIZATION_LEVEL = "-O";
				VALIDATE_PRODUCT = YES;
			};
			name = Release;
		};
		FABB77BF26566865002FCC35 /* Debug */ = {
			isa = XCBuildConfiguration;
			buildSettings = {
				ASSETCATALOG_COMPILER_APPICON_NAME = AppIcon;
				ASSETCATALOG_COMPILER_GLOBAL_ACCENT_COLOR_NAME = AccentColor;
				CODE_SIGN_STYLE = Automatic;
				DEVELOPMENT_TEAM = 3QZYVLA47T;
				INFOPLIST_FILE = CoreDataDemo/Info.plist;
				LD_RUNPATH_SEARCH_PATHS = (
					"$(inherited)",
					"@executable_path/Frameworks",
				);
				PRODUCT_BUNDLE_IDENTIFIER = com.better.solution.ios.custom.firebae.CoreDataDemo;
				PRODUCT_NAME = "$(TARGET_NAME)";
				SWIFT_VERSION = 5.0;
				TARGETED_DEVICE_FAMILY = "1,2";
			};
			name = Debug;
		};
		FABB77C026566865002FCC35 /* Release */ = {
			isa = XCBuildConfiguration;
			buildSettings = {
				ASSETCATALOG_COMPILER_APPICON_NAME = AppIcon;
				ASSETCATALOG_COMPILER_GLOBAL_ACCENT_COLOR_NAME = AccentColor;
				CODE_SIGN_STYLE = Automatic;
				DEVELOPMENT_TEAM = 3QZYVLA47T;
				INFOPLIST_FILE = CoreDataDemo/Info.plist;
				LD_RUNPATH_SEARCH_PATHS = (
					"$(inherited)",
					"@executable_path/Frameworks",
				);
				PRODUCT_BUNDLE_IDENTIFIER = com.better.solution.ios.custom.firebae.CoreDataDemo;
				PRODUCT_NAME = "$(TARGET_NAME)";
				SWIFT_VERSION = 5.0;
				TARGETED_DEVICE_FAMILY = "1,2";
			};
			name = Release;
		};
/* End XCBuildConfiguration section */

/* Begin XCConfigurationList section */
		FABB77A226566864002FCC35 /* Build configuration list for PBXProject "CoreDataDemo" */ = {
			isa = XCConfigurationList;
			buildConfigurations = (
				FABB77BC26566865002FCC35 /* Debug */,
				FABB77BD26566865002FCC35 /* Release */,
			);
			defaultConfigurationIsVisible = 0;
			defaultConfigurationName = Release;
		};
		FABB77BE26566865002FCC35 /* Build configuration list for PBXNativeTarget "CoreDataDemo" */ = {
			isa = XCConfigurationList;
			buildConfigurations = (
				FABB77BF26566865002FCC35 /* Debug */,
				FABB77C026566865002FCC35 /* Release */,
			);
			defaultConfigurationIsVisible = 0;
			defaultConfigurationName = Release;
		};
/* End XCConfigurationList section */

/* Begin XCVersionGroup section */
		FABB77B326566864002FCC35 /* CoreDataDemo.xcdatamodeld */ = {
			isa = XCVersionGroup;
			children = (
				FABB77B426566864002FCC35 /* CoreDataDemo.xcdatamodel */,
			);
			currentVersion = FABB77B426566864002FCC35 /* CoreDataDemo.xcdatamodel */;
			path = CoreDataDemo.xcdatamodeld;
			sourceTree = "<group>";
			versionGroupType = wrapper.xcdatamodel;
		};
/* End XCVersionGroup section */
	};
	rootObject = FABB779F26566864002FCC35 /* Project object */;
}
